
Microsoft Visual Studio Solution File, Format Version 12.00
# Visual Studio Version 16
VisualStudioVersion = 16.0.32802.440
MinimumVisualStudioVersion = 10.0.40219.1
Project("{8BC9CEB8-8B4A-11D0-8D11-00A0C91BC942}") = "심화프로그래밍_2019112020_2주차", "심화프로그래밍_2019112020_2주차.vcxproj", "{E2B62DE5-4D3D-4B18-99C5-3B5A32AC5B88}"
EndProject
Global
	GlobalSection(SolutionConfigurationPlatforms) = preSolution
		Debug|x64 = Debug|x64
		Debug|x86 = Debug|x86
		Release|x64 = Release|x64
		Release|x86 = Release|x86
	EndGlobalSection
	GlobalSection(ProjectConfigurationPlatforms) = postSolution
		{E2B62DE5-4D3D-4B18-99C5-3B5A32AC5B88}.Debug|x64.ActiveCfg = Debug|x64
		{E2B62DE5-4D3D-4B18-99C5-3B5A32AC5B88}.Debug|x64.Build.0 = Debug|x64
		{E2B62DE5-4D3D-4B18-99C5-3B5A32AC5B88}.Debug|x86.ActiveCfg = Debug|Win32
		{E2B62DE5-4D3D-4B18-99C5-3B5A32AC5B88}.Debug|x86.Build.0 = Debug|Win32
		{E2B62DE5-4D3D-4B18-99C5-3B5A32AC5B88}.Release|x64.ActiveCfg = Release|x64
		{E2B62DE5-4D3D-4B18-99C5-3B5A32AC5B88}.Release|x64.Build.0 = Release|x64
		{E2B62DE5-4D3D-4B18-99C5-3B5A32AC5B88}.Release|x86.ActiveCfg = Release|Win32
		{E2B62DE5-4D3D-4B18-99C5-3B5A32AC5B88}.Release|x86.Build.0 = Release|Win32
	EndGlobalSection
	GlobalSection(SolutionProperties) = preSolution
		HideSolutionNode = FALSE
	EndGlobalSection
	GlobalSection(ExtensibilityGlobals) = postSolution
		SolutionGuid = {B38E86D4-2A0F-4551-9E99-4ABD278EB4E3}
	EndGlobalSection
EndGlobal
